schema_version = 1
distribution = "empirical-sdd"
version = "0.1.0"
preserved_files = []

[managed_files]
"ai/README.md" = "sha256:0d8736b1d3c2db9c0d4793a67fa2ca0d9bdeb40f9d087a132e1265a4c3e747bd"
"ai/contracts/templates/feedback_contract.md" = "sha256:0414f121d96341cc263a2977b4837c25648b3c02126a16edfc2b857101311078"
"ai/contracts/templates/handoff_contract.md" = "sha256:04696e0b8f15402e85e8b47074a72834e5d36fcf05927f3f865d09b94d8de64f"
"ai/contracts/templates/question_contract.md" = "sha256:8bfebec45e4dab1e021278b01dae0124073fb9e6804444b7f7a44732e38bbea7"
"ai/events/README.md" = "sha256:d7a3d03e7cc3116a2eaffca71871bca19c19c564d7546b4bfb8996cfaf9798c7"
"ai/orchestration/context_policy.md" = "sha256:2d0b67206f8d39701458f41586948de902be240d87318dbfbfcd26d88cfc1de9"
"ai/orchestration/handoff_rules.md" = "sha256:7121c537320fca897e6053d920d8cb15bc808da778584dc21344f3add785f282"
"ai/orchestration/hitl_policy.md" = "sha256:aed6b35d5bb0937d52827d4d906f97ed26bcfcb5b321b6b961e26fed8b10fd35"
"ai/orchestration/orchestrator.md" = "sha256:d0f76bc9bba2461d3c6e43e43c3fb5a1dc6d67476c46015dde0268a564d52064"
"ai/orchestration/workflow.md" = "sha256:5cb40fa1114f792b7877f66e2902a16df50244101443c529a27673e51407e61e"
"ai/roles/analyst.md" = "sha256:516190e99a272188ea3b157292c7b08ad6a11699b5045af31b0d52a55a8f3045"
"ai/roles/architect.md" = "sha256:2c5140ee06976830756943b0114dac345765434b48d002ab97e8a164c9c3fa07"
"ai/roles/developer.md" = "sha256:da3b96e31825cc3b0cb5fc50b51ba5c5ba1ae571876a155e4725e327d05cb293"
"ai/roles/pm.md" = "sha256:20f576507bc002628b98396d2ea9606208033e768fba599f5884001bd6a30716"
"ai/roles/reviewer.md" = "sha256:186f4bb43f241736d7a705da655c2e0555cb5799a5e542afc8ab5a2e42d4b29d"
"ai/roles/tester.md" = "sha256:fe9c55c544002ad89eba40e325e6dd7e3e93675f9a4a8ce1d55ae8d8b0388291"
"ai/skills/browser_qa.md" = "sha256:8301e330b67deee8e9a67460b0e147c5d35dede76659ce5ce2d27b8a139c32a6"
"ai/skills/create_handoff_contract.md" = "sha256:87be96fa5bb0a5070c73c2adc8c76e3254a2cc79f99c6725b7395cd85e35633c"
"ai/skills/orchestrate.md" = "sha256:ad466b5b1afa0877562a20df7fc6851bec7ef291d1a1360291bb6b0f95894081"
"ai/skills/review_code_quality.md" = "sha256:c8b449fc8f77a0bbd5b84a81d787ccdcdbe86da9a8182400a95cffdbdfcb2eaf"
"ai/skills/validate_handoff.md" = "sha256:3ce6fab7dd3747e3da222a6863204620f5eba9c0c97e30877eddcc16c7d1d075"
"ai/skills/write_spec.md" = "sha256:64837f5bbb8aca4a6dc347895a0774c2c44fc2af1cdf8662f1335e54db58576e"
"ai/skills/write_spec_socratic.md" = "sha256:4f6138947ffc91e2de3de99f6d29bf734538696d14d9eca4650da90b08bfbea6"
"ai/skills/write_tests.md" = "sha256:0c5c1d3c6abc3d74c1a60e8dbc88d3038141753d8afc1c86fdd3ee6a019d4baa"
"ai/specs/README.md" = "sha256:b43bd56448f30e0847d97e026a3e0fb5884d59749bb8e98eea64955b9b92c4cd"
"ai/specs/_template/architecture.md" = "sha256:2293d9bbeea7f9c3cb393e1dfe59f4600349bde2a935bd0145ddef8f16623a60"
"ai/specs/_template/plan.json" = "sha256:128e7c68ecb01c5950598a3e7ab6cc0f0b0725f57a7a895988d379b1432b40a3"
"ai/specs/_template/review.md" = "sha256:4fcb78d7feab1eb85dacb190be1f9978c51b31b0a219cc321fc5a0de4b42869f"
"ai/specs/_template/spec.md" = "sha256:7e5c58e8f68039d217c6d6465f28fa6f477243652dbe1a37c389d9ce3f4c2b0c"
"ai/specs/_template/tasks.md" = "sha256:f6f35d35fa6f8d2b90900550fe469e941b945f7de40222b326ec7cabb6979c7a"
"ai/templates/orchestration_prompt.md" = "sha256:2b24dd10f7f323e14ce82a5a8f299bc826accc04a75b6dfc8be8afbc8d88eff2"
"ai/templates/project_setup_prompt.md" = "sha256:a59d7bcb7c7aa2311c716811ff3fedbe32daf29c2964a49da04b942e4d7c2d8c"
"ai/templates/spec_generation_prompt.md" = "sha256:12bb518b51ab08321d95ff228dc5c5c8b4a78a383c6c4a4eba1188e5196c68d6"
